
Microsoft Visual Studio Solution File, Format Version 12.00
# Visual Studio Version 16
VisualStudioVersion = 16.0.30621.155
MinimumVisualStudioVersion = 10.0.40219.1
Project("{9A19103F-16F7-4668-BE54-9A1E7A4F7556}") = "Rekommend_BackEnd", "Rekommend_BackEnd.csproj", "{B7D6E545-D134-4D92-ABBE-6965A90179A5}"
EndProject
Project("{9A19103F-16F7-4668-BE54-9A1E7A4F7556}") = "Rekommend.IDP", "..\Rekommend.IDP\Rekommend.IDP.csproj", "{AB0F95A2-81FC-4197-92B6-E3A11F2BC867}"
EndProject
Global
	GlobalSection(SolutionConfigurationPlatforms) = preSolution
		Debug|Any CPU = Debug|Any CPU
		Release|Any CPU = Release|Any CPU
	EndGlobalSection
	GlobalSection(ProjectConfigurationPlatforms) = postSolution
		{B7D6E545-D134-4D92-ABBE-6965A90179A5}.Debug|Any CPU.ActiveCfg = Debug|Any CPU
		{B7D6E545-D134-4D92-ABBE-6965A90179A5}.Debug|Any CPU.Build.0 = Debug|Any CPU
		{B7D6E545-D134-4D92-ABBE-6965A90179A5}.Release|Any CPU.ActiveCfg = Release|Any CPU
		{B7D6E545-D134-4D92-ABBE-6965A90179A5}.Release|Any CPU.Build.0 = Release|Any CPU
		{AB0F95A2-81FC-4197-92B6-E3A11F2BC867}.Debug|Any CPU.ActiveCfg = Debug|Any CPU
		{AB0F95A2-81FC-4197-92B6-E3A11F2BC867}.Debug|Any CPU.Build.0 = Debug|Any CPU
		{AB0F95A2-81FC-4197-92B6-E3A11F2BC867}.Release|Any CPU.ActiveCfg = Release|Any CPU
		{AB0F95A2-81FC-4197-92B6-E3A11F2BC867}.Release|Any CPU.Build.0 = Release|Any CPU
	EndGlobalSection
	GlobalSection(SolutionProperties) = preSolution
		HideSolutionNode = FALSE
	EndGlobalSection
	GlobalSection(ExtensibilityGlobals) = postSolution
		SolutionGuid = {28E8454F-E4B6-45C5-B2D7-397BB5D85986}
	EndGlobalSection
EndGlobal
